
Microsoft Visual Studio Solution File, Format Version 12.00
# Visual Studio Version 17
VisualStudioVersion = 17.0.32014.148
MinimumVisualStudioVersion = 10.0.40219.1
Project("{9A19103F-16F7-4668-BE54-9A1E7A4F7556}") = "SyncDemo", "SyncDemo\SyncDemo.csproj", "{B4D43473-F04E-4999-B027-84B317FDCFF9}"
EndProject
Project("{FAE04EC0-301F-11D3-BF4B-00C04F79EFBC}") = "SyncDemoServer", "SyncDemoServer\SyncDemoServer.csproj", "{081FEFEB-DD9D-4260-9931-D35341C0185C}"
EndProject
Project("{FAE04EC0-301F-11D3-BF4B-00C04F79EFBC}") = "SyncDemoClient", "SyncDemoClient\SyncDemoClient.csproj", "{941E8CD4-0516-49E1-989F-1EAB5E410BBE}"
EndProject
Project("{FAE04EC0-301F-11D3-BF4B-00C04F79EFBC}") = "SyncDemoCommon", "SyncDemoCommon\SyncDemoCommon.csproj", "{A6DF3C29-FEA4-45AC-96B8-60128D65B985}"
EndProject
Global
	GlobalSection(SolutionConfigurationPlatforms) = preSolution
		Debug|Any CPU = Debug|Any CPU
		Release|Any CPU = Release|Any CPU
	EndGlobalSection
	GlobalSection(ProjectConfigurationPlatforms) = postSolution
		{B4D43473-F04E-4999-B027-84B317FDCFF9}.Debug|Any CPU.ActiveCfg = Debug|Any CPU
		{B4D43473-F04E-4999-B027-84B317FDCFF9}.Debug|Any CPU.Build.0 = Debug|Any CPU
		{B4D43473-F04E-4999-B027-84B317FDCFF9}.Release|Any CPU.ActiveCfg = Release|Any CPU
		{B4D43473-F04E-4999-B027-84B317FDCFF9}.Release|Any CPU.Build.0 = Release|Any CPU
		{081FEFEB-DD9D-4260-9931-D35341C0185C}.Debug|Any CPU.ActiveCfg = Debug|Any CPU
		{081FEFEB-DD9D-4260-9931-D35341C0185C}.Debug|Any CPU.Build.0 = Debug|Any CPU
		{081FEFEB-DD9D-4260-9931-D35341C0185C}.Release|Any CPU.ActiveCfg = Release|Any CPU
		{081FEFEB-DD9D-4260-9931-D35341C0185C}.Release|Any CPU.Build.0 = Release|Any CPU
		{941E8CD4-0516-49E1-989F-1EAB5E410BBE}.Debug|Any CPU.ActiveCfg = Debug|Any CPU
		{941E8CD4-0516-49E1-989F-1EAB5E410BBE}.Debug|Any CPU.Build.0 = Debug|Any CPU
		{941E8CD4-0516-49E1-989F-1EAB5E410BBE}.Release|Any CPU.ActiveCfg = Release|Any CPU
		{941E8CD4-0516-49E1-989F-1EAB5E410BBE}.Release|Any CPU.Build.0 = Release|Any CPU
		{A6DF3C29-FEA4-45AC-96B8-60128D65B985}.Debug|Any CPU.ActiveCfg = Debug|Any CPU
		{A6DF3C29-FEA4-45AC-96B8-60128D65B985}.Debug|Any CPU.Build.0 = Debug|Any CPU
		{A6DF3C29-FEA4-45AC-96B8-60128D65B985}.Release|Any CPU.ActiveCfg = Release|Any CPU
		{A6DF3C29-FEA4-45AC-96B8-60128D65B985}.Release|Any CPU.Build.0 = Release|Any CPU
	EndGlobalSection
	GlobalSection(SolutionProperties) = preSolution
		HideSolutionNode = FALSE
	EndGlobalSection
	GlobalSection(ExtensibilityGlobals) = postSolution
		SolutionGuid = {333654E2-F29E-4ADA-BD45-AE8319AC4C61}
	EndGlobalSection
EndGlobal
